
Microsoft Visual Studio Solution File, Format Version 12.00
# Visual Studio Version 17
VisualStudioVersion = 17.5.33627.172
MinimumVisualStudioVersion = 10.0.40219.1
Project("{FAE04EC0-301F-11D3-BF4B-00C04F79EFBC}") = "OpenStore", "OpenStore\OpenStore.csproj", "{F523BBC1-5C07-4BF6-B278-E1288E595C53}"
EndProject
Global
	GlobalSection(SolutionConfigurationPlatforms) = preSolution
		Debug|Any CPU = Debug|Any CPU
		Release|Any CPU = Release|Any CPU
	EndGlobalSection
	GlobalSection(ProjectConfigurationPlatforms) = postSolution
		{F523BBC1-5C07-4BF6-B278-E1288E595C53}.Debug|Any CPU.ActiveCfg = Debug|Any CPU
		{F523BBC1-5C07-4BF6-B278-E1288E595C53}.Debug|Any CPU.Build.0 = Debug|Any CPU
		{F523BBC1-5C07-4BF6-B278-E1288E595C53}.Release|Any CPU.ActiveCfg = Release|Any CPU
		{F523BBC1-5C07-4BF6-B278-E1288E595C53}.Release|Any CPU.Build.0 = Release|Any CPU
	EndGlobalSection
	GlobalSection(SolutionProperties) = preSolution
		HideSolutionNode = FALSE
	EndGlobalSection
	GlobalSection(ExtensibilityGlobals) = postSolution
		SolutionGuid = {0BF69A8C-0B4D-492D-8DB0-3B1FA88CEE07}
	EndGlobalSection
EndGlobal
